
Microsoft Visual Studio Solution File, Format Version 12.00
# Visual Studio 15
VisualStudioVersion = 15.0.27004.2005
MinimumVisualStudioVersion = 10.0.40219.1
Project("{FAE04EC0-301F-11D3-BF4B-00C04F79EFBC}") = "EventSourcing.UI.Console", "EventSourcing\EventSourcing.UI.Console.csproj", "{9239C5DC-418C-40C9-A78F-4327CF9C0567}"
EndProject
Project("{9A19103F-16F7-4668-BE54-9A1E7A4F7556}") = "EventSourcing.Data.Xml", "EventSourcing.Data\EventSourcing.Data.Xml.csproj", "{7A718A1E-2BB6-4463-A8D3-CCB289C80CBB}"
EndProject
Project("{9A19103F-16F7-4668-BE54-9A1E7A4F7556}") = "EventSourcing.BusinessLogic", "EventSourcing.BusinessLogic\EventSourcing.BusinessLogic.csproj", "{D2AB8A29-C088-47C1-86E6-4DABD898D1B1}"
EndProject
Project("{FAE04EC0-301F-11D3-BF4B-00C04F79EFBC}") = "EventSourcing.UI.WinForms", "EventSourcing.UI.WinForms\EventSourcing.UI.WinForms.csproj", "{B12319E7-1BEE-48A4-AF06-2AEF8478A060}"
EndProject
Project("{FAE04EC0-301F-11D3-BF4B-00C04F79EFBC}") = "EventSourcing.ServiceLayer", "EventSourcing.ServiceLayer\EventSourcing.ServiceLayer.csproj", "{60912B53-EB74-496D-8706-D21E190B8696}"
EndProject
Global
	GlobalSection(SolutionConfigurationPlatforms) = preSolution
		Debug|Any CPU = Debug|Any CPU
		Release|Any CPU = Release|Any CPU
	EndGlobalSection
	GlobalSection(ProjectConfigurationPlatforms) = postSolution
		{9239C5DC-418C-40C9-A78F-4327CF9C0567}.Debug|Any CPU.ActiveCfg = Debug|Any CPU
		{9239C5DC-418C-40C9-A78F-4327CF9C0567}.Debug|Any CPU.Build.0 = Debug|Any CPU
		{9239C5DC-418C-40C9-A78F-4327CF9C0567}.Release|Any CPU.ActiveCfg = Release|Any CPU
		{9239C5DC-418C-40C9-A78F-4327CF9C0567}.Release|Any CPU.Build.0 = Release|Any CPU
		{7A718A1E-2BB6-4463-A8D3-CCB289C80CBB}.Debug|Any CPU.ActiveCfg = Debug|Any CPU
		{7A718A1E-2BB6-4463-A8D3-CCB289C80CBB}.Debug|Any CPU.Build.0 = Debug|Any CPU
		{7A718A1E-2BB6-4463-A8D3-CCB289C80CBB}.Release|Any CPU.ActiveCfg = Release|Any CPU
		{7A718A1E-2BB6-4463-A8D3-CCB289C80CBB}.Release|Any CPU.Build.0 = Release|Any CPU
		{D2AB8A29-C088-47C1-86E6-4DABD898D1B1}.Debug|Any CPU.ActiveCfg = Debug|Any CPU
		{D2AB8A29-C088-47C1-86E6-4DABD898D1B1}.Debug|Any CPU.Build.0 = Debug|Any CPU
		{D2AB8A29-C088-47C1-86E6-4DABD898D1B1}.Release|Any CPU.ActiveCfg = Release|Any CPU
		{D2AB8A29-C088-47C1-86E6-4DABD898D1B1}.Release|Any CPU.Build.0 = Release|Any CPU
		{B12319E7-1BEE-48A4-AF06-2AEF8478A060}.Debug|Any CPU.ActiveCfg = Debug|Any CPU
		{B12319E7-1BEE-48A4-AF06-2AEF8478A060}.Debug|Any CPU.Build.0 = Debug|Any CPU
		{B12319E7-1BEE-48A4-AF06-2AEF8478A060}.Release|Any CPU.ActiveCfg = Release|Any CPU
		{B12319E7-1BEE-48A4-AF06-2AEF8478A060}.Release|Any CPU.Build.0 = Release|Any CPU
		{60912B53-EB74-496D-8706-D21E190B8696}.Debug|Any CPU.ActiveCfg = Debug|Any CPU
		{60912B53-EB74-496D-8706-D21E190B8696}.Debug|Any CPU.Build.0 = Debug|Any CPU
		{60912B53-EB74-496D-8706-D21E190B8696}.Release|Any CPU.ActiveCfg = Release|Any CPU
		{60912B53-EB74-496D-8706-D21E190B8696}.Release|Any CPU.Build.0 = Release|Any CPU
	EndGlobalSection
	GlobalSection(SolutionProperties) = preSolution
		HideSolutionNode = FALSE
	EndGlobalSection
	GlobalSection(ExtensibilityGlobals) = postSolution
		SolutionGuid = {4D2404EE-FBC1-4B79-8019-1B80A8A42D2A}
	EndGlobalSection
EndGlobal
